lockfileVersion: '6.0'

settings:
  autoInstallPeers: true
  excludeLinksFromLockfile: false

dependencies:
  '@hookform/resolvers':
    specifier: https://pkg.csb.dev/react-hook-form/resolvers/commit/2d6d392c/@hookform/resolvers/_pkg.tgz
    version: '@pkg.csb.dev/react-hook-form/resolvers/commit/2d6d392c/@hookform/resolvers/_pkg.tgz(react-hook-form@7.48.2)'
  next:
    specifier: 13.5.5
    version: 13.5.5(react-dom@18.2.0)(react@18.2.0)
  react:
    specifier: ^18
    version: 18.2.0
  react-dom:
    specifier: ^18
    version: 18.2.0(react@18.2.0)
  react-hook-form:
    specifier: https://pkg.csb.dev/react-hook-form/react-hook-form/commit/2c4b3693/react-hook-form/_pkg.tgz
    version: '@pkg.csb.dev/react-hook-form/react-hook-form/commit/2c4b3693/react-hook-form/_pkg.tgz(react@18.2.0)'
  zod:
    specifier: ^3.22.4
    version: 3.22.4

devDependencies:
  '@types/node':
    specifier: ^20
    version: 20.8.6
  '@types/react':
    specifier: ^18
    version: 18.2.28
  '@types/react-dom':
    specifier: 18.2.11
    version: 18.2.11
  typescript:
    specifier: ^5
    version: 5.2.2

packages:

  /@next/env@13.5.5:
    resolution: {integrity: sha512-agvIhYWp+ilbScg81s/sLueZo8CNEYLjNOqhISxheLmD/AQI4/VxV7bV76i/KzxH4iHy/va0YS9z0AOwGnw4Fg==}
    dev: false

  /@next/swc-darwin-arm64@13.5.5:
    resolution: {integrity: sha512-FvTdcJdTA7H1FGY8dKPPbf/O0oDC041/znHZwXA7liiGUhgw5hOQ+9z8tWvuz0M5a/SDjY/IRPBAb5FIFogYww==}
    engines: {node: '>= 10'}
    cpu: [arm64]
    os: [darwin]
    requiresBuild: true
    dev: false
    optional: true

  /@next/swc-darwin-x64@13.5.5:
    resolution: {integrity: sha512-mTqNIecaojmyia7appVO2QggBe1Z2fdzxgn6jb3x9qlAk8yY2sy4MAcsj71kC9RlenCqDmr9vtC/ESFf110TPA==}
    engines: {node: '>= 10'}
    cpu: [x64]
    os: [darwin]
    requiresBuild: true
    dev: false
    optional: true

  /@next/swc-linux-arm64-gnu@13.5.5:
    resolution: {integrity: sha512-U9e+kNkfvwh/T8yo+xcslvNXgyMzPPX1IbwCwnHHFmX5ckb1Uc3XZSInNjFQEQR5xhJpB5sFdal+IiBIiLYkZA==}
    engines: {node: '>= 10'}
    cpu: [arm64]
    os: [linux]
    requiresBuild: true
    dev: false
    optional: true

  /@next/swc-linux-arm64-musl@13.5.5:
    resolution: {integrity: sha512-h7b58eIoNCSmKVC5fr167U0HWZ/yGLbkKD9wIller0nGdyl5zfTji0SsPKJvrG8jvKPFt2xOkVBmXlFOtuKynw==}
    engines: {node: '>= 10'}
    cpu: [arm64]
    os: [linux]
    requiresBuild: true
    dev: false
    optional: true

  /@next/swc-linux-x64-gnu@13.5.5:
    resolution: {integrity: sha512-6U4y21T1J6FfcpM9uqzBJicxycpB5gJKLyQ3g6KOfBzT8H1sMwfHTRrvHKB09GIn1BCRy5YJHrA1G26DzqR46w==}
    engines: {node: '>= 10'}
    cpu: [x64]
    os: [linux]
    requiresBuild: true
    dev: false
    optional: true

  /@next/swc-linux-x64-musl@13.5.5:
    resolution: {integrity: sha512-OuqWSAQHJQM2EsapPFTSU/FLQ0wKm7UeRNatiR/jLeCe1V02aB9xmzuWYo2Neaxxag4rss3S8fj+lvMLzwDaFA==}
    engines: {node: '>= 10'}
    cpu: [x64]
    os: [linux]
    requiresBuild: true
    dev: false
    optional: true

  /@next/swc-win32-arm64-msvc@13.5.5:
    resolution: {integrity: sha512-+yLrOZIIZDY4uGn9bLOc0wTgs+M8RuOUFSUK3BhmcLav9e+tcAj0jyBHD4aXv2qWhppUeuYMsyBo1I58/eE6Dg==}
    engines: {node: '>= 10'}
    cpu: [arm64]
    os: [win32]
    requiresBuild: true
    dev: false
    optional: true

  /@next/swc-win32-ia32-msvc@13.5.5:
    resolution: {integrity: sha512-SyMxXyJtf9ScMH0Dh87THJMXNFvfkRAk841xyW9SeOX3KxM1buXX3hN7vof4kMGk0Yg996OGsX+7C9ueS8ugsw==}
    engines: {node: '>= 10'}
    cpu: [ia32]
    os: [win32]
    requiresBuild: true
    dev: false
    optional: true

  /@next/swc-win32-x64-msvc@13.5.5:
    resolution: {integrity: sha512-n5KVf2Ok0BbLwofAaHiiKf+BQCj1M8WmTujiER4/qzYAVngnsNSjqEWvJ03raeN9eURqxDO+yL5VRoDrR33H9A==}
    engines: {node: '>= 10'}
    cpu: [x64]
    os: [win32]
    requiresBuild: true
    dev: false
    optional: true

  /@swc/helpers@0.5.2:
    resolution: {integrity: sha512-E4KcWTpoLHqwPHLxidpOqQbcrZVgi0rsmmZXUle1jXmJfuIf/UWpczUJ7MZZ5tlxytgJXyp0w4PGkkeLiuIdZw==}
    dependencies:
      tslib: 2.6.2
    dev: false

  /@types/node@20.8.6:
    resolution: {integrity: sha512-eWO4K2Ji70QzKUqRy6oyJWUeB7+g2cRagT3T/nxYibYcT4y2BDL8lqolRXjTHmkZCdJfIPaY73KbJAZmcryxTQ==}
    dependencies:
      undici-types: 5.25.3
    dev: true

  /@types/prop-types@15.7.8:
    resolution: {integrity: sha512-kMpQpfZKSCBqltAJwskgePRaYRFukDkm1oItcAbC3gNELR20XIBcN9VRgg4+m8DKsTfkWeA4m4Imp4DDuWy7FQ==}
    dev: true

  /@types/react-dom@18.2.11:
    resolution: {integrity: sha512-zq6Dy0EiCuF9pWFW6I6k6W2LdpUixLE4P6XjXU1QHLfak3GPACQfLwEuHzY5pOYa4hzj1d0GxX/P141aFjZsyg==}
    dependencies:
      '@types/react': 18.2.28
    dev: true

  /@types/react@18.2.28:
    resolution: {integrity: sha512-ad4aa/RaaJS3hyGz0BGegdnSRXQBkd1CCYDCdNjBPg90UUpLgo+WlJqb9fMYUxtehmzF3PJaTWqRZjko6BRzBg==}
    dependencies:
      '@types/prop-types': 15.7.8
      '@types/scheduler': 0.16.4
      csstype: 3.1.2
    dev: true

  /@types/scheduler@0.16.4:
    resolution: {integrity: sha512-2L9ifAGl7wmXwP4v3pN4p2FLhD0O1qsJpvKmNin5VA8+UvNVb447UDaAEV6UdrkA+m/Xs58U1RFps44x6TFsVQ==}
    dev: true

  /busboy@1.6.0:
    resolution: {integrity: sha512-8SFQbg/0hQ9xy3UNTB0YEnsNBbWfhf7RtnzpL7TkBiTBRfrQ9Fxcnz7VJsleJpyp6rVLvXiuORqjlHi5q+PYuA==}
    engines: {node: '>=10.16.0'}
    dependencies:
      streamsearch: 1.1.0
    dev: false

  /caniuse-lite@1.0.30001549:
    resolution: {integrity: sha512-qRp48dPYSCYaP+KurZLhDYdVE+yEyht/3NlmcJgVQ2VMGt6JL36ndQ/7rgspdZsJuxDPFIo/OzBT2+GmIJ53BA==}
    dev: false

  /client-only@0.0.1:
    resolution: {integrity: sha512-IV3Ou0jSMzZrd3pZ48nLkT9DA7Ag1pnPzaiQhpW7c3RbcqqzvzzVu+L8gfqMp/8IM2MQtSiqaCxrrcfu8I8rMA==}
    dev: false

  /csstype@3.1.2:
    resolution: {integrity: sha512-I7K1Uu0MBPzaFKg4nI5Q7Vs2t+3gWWW648spaF+Rg7pI9ds18Ugn+lvg4SHczUdKlHI5LWBXyqfS8+DufyBsgQ==}
    dev: true

  /glob-to-regexp@0.4.1:
    resolution: {integrity: sha512-lkX1HJXwyMcprw/5YUZc2s7DrpAiHB21/V+E1rHUrVNokkvB6bqMzT0VfV6/86ZNabt1k14YOIaT7nDvOX3Iiw==}
    dev: false

  /graceful-fs@4.2.11:
    resolution: {integrity: sha512-RbJ5/jmFcNNCcDV5o9eTnBLJ/HszWV0P73bc+Ff4nS/rJj+YaS6IGyiOL0VoBYX+l1Wrl3k63h/KrH+nhJ0XvQ==}
    dev: false

  /js-tokens@4.0.0:
    resolution: {integrity: sha512-RdJUflcE3cUzKiMqQgsCu06FPu9UdIJO0beYbPhHN4k6apgJtifcoCtT9bcxOpYBtpD2kCM6Sbzg4CausW/PKQ==}
    dev: false

  /loose-envify@1.4.0:
    resolution: {integrity: sha512-lyuxPGr/Wfhrlem2CL/UcnUc1zcqKAImBDzukY7Y5F/yQiNdko6+fRLevlw1HgMySw7f611UIY408EtxRSoK3Q==}
    hasBin: true
    dependencies:
      js-tokens: 4.0.0
    dev: false

  /nanoid@3.3.6:
    resolution: {integrity: sha512-BGcqMMJuToF7i1rt+2PWSNVnWIkGCU78jBG3RxO/bZlnZPK2Cmi2QaffxGO/2RvWi9sL+FAiRiXMgsyxQ1DIDA==}
    engines: {node: ^10 || ^12 || ^13.7 || ^14 || >=15.0.1}
    hasBin: true
    dev: false

  /next@13.5.5(react-dom@18.2.0)(react@18.2.0):
    resolution: {integrity: sha512-LddFJjpfrtrMMw8Q9VLhIURuSidiCNcMQjRqcPtrKd+Fx07MsG7hYndJb/f2d3I+mTbTotsTJfCnn0eZ/YPk8w==}
    engines: {node: '>=16.14.0'}
    hasBin: true
    peerDependencies:
      '@opentelemetry/api': ^1.1.0
      react: ^18.2.0
      react-dom: ^18.2.0
      sass: ^1.3.0
    peerDependenciesMeta:
      '@opentelemetry/api':
        optional: true
      sass:
        optional: true
    dependencies:
      '@next/env': 13.5.5
      '@swc/helpers': 0.5.2
      busboy: 1.6.0
      caniuse-lite: 1.0.30001549
      postcss: 8.4.31
      react: 18.2.0
      react-dom: 18.2.0(react@18.2.0)
      styled-jsx: 5.1.1(react@18.2.0)
      watchpack: 2.4.0
    optionalDependencies:
      '@next/swc-darwin-arm64': 13.5.5
      '@next/swc-darwin-x64': 13.5.5
      '@next/swc-linux-arm64-gnu': 13.5.5
      '@next/swc-linux-arm64-musl': 13.5.5
      '@next/swc-linux-x64-gnu': 13.5.5
      '@next/swc-linux-x64-musl': 13.5.5
      '@next/swc-win32-arm64-msvc': 13.5.5
      '@next/swc-win32-ia32-msvc': 13.5.5
      '@next/swc-win32-x64-msvc': 13.5.5
    transitivePeerDependencies:
      - '@babel/core'
      - babel-plugin-macros
    dev: false

  /picocolors@1.0.0:
    resolution: {integrity: sha512-1fygroTLlHu66zi26VoTDv8yRgm0Fccecssto+MhsZ0D/DGW2sm8E8AjW7NU5VVTRt5GxbeZ5qBuJr+HyLYkjQ==}
    dev: false

  /postcss@8.4.31:
    resolution: {integrity: sha512-PS08Iboia9mts/2ygV3eLpY5ghnUcfLV/EXTOW1E2qYxJKGGBUtNjN76FYHnMs36RmARn41bC0AZmn+rR0OVpQ==}
    engines: {node: ^10 || ^12 || >=14}
    dependencies:
      nanoid: 3.3.6
      picocolors: 1.0.0
      source-map-js: 1.0.2
    dev: false

  /react-dom@18.2.0(react@18.2.0):
    resolution: {integrity: sha512-6IMTriUmvsjHUjNtEDudZfuDQUoWXVxKHhlEGSk81n4YFS+r/Kl99wXiwlVXtPBtJenozv2P+hxDsw9eA7Xo6g==}
    peerDependencies:
      react: ^18.2.0
    dependencies:
      loose-envify: 1.4.0
      react: 18.2.0
      scheduler: 0.23.0
    dev: false

  /react@18.2.0:
    resolution: {integrity: sha512-/3IjMdb2L9QbBdWiW5e3P2/npwMBaU9mHCSCUzNln0ZCYbcfTsGbTJrU/kGemdH2IWmB2ioZ+zkxtmq6g09fGQ==}
    engines: {node: '>=0.10.0'}
    dependencies:
      loose-envify: 1.4.0
    dev: false

  /scheduler@0.23.0:
    resolution: {integrity: sha512-CtuThmgHNg7zIZWAXi3AsyIzA3n4xx7aNyjwC2VJldO2LMVDhFK+63xGqq6CsJH4rTAt6/M+N4GhZiDYPx9eUw==}
    dependencies:
      loose-envify: 1.4.0
    dev: false

  /source-map-js@1.0.2:
    resolution: {integrity: sha512-R0XvVJ9WusLiqTCEiGCmICCMplcCkIwwR11mOSD9CR5u+IXYdiseeEuXCVAjS54zqwkLcPNnmU4OeJ6tUrWhDw==}
    engines: {node: '>=0.10.0'}
    dev: false

  /streamsearch@1.1.0:
    resolution: {integrity: sha512-Mcc5wHehp9aXz1ax6bZUyY5afg9u2rv5cqQI3mRrYkGC8rW2hM02jWuwjtL++LS5qinSyhj2QfLyNsuc+VsExg==}
    engines: {node: '>=10.0.0'}
    dev: false

  /styled-jsx@5.1.1(react@18.2.0):
    resolution: {integrity: sha512-pW7uC1l4mBZ8ugbiZrcIsiIvVx1UmTfw7UkC3Um2tmfUq9Bhk8IiyEIPl6F8agHgjzku6j0xQEZbfA5uSgSaCw==}
    engines: {node: '>= 12.0.0'}
    peerDependencies:
      '@babel/core': '*'
      babel-plugin-macros: '*'
      react: '>= 16.8.0 || 17.x.x || ^18.0.0-0'
    peerDependenciesMeta:
      '@babel/core':
        optional: true
      babel-plugin-macros:
        optional: true
    dependencies:
      client-only: 0.0.1
      react: 18.2.0
    dev: false

  /tslib@2.6.2:
    resolution: {integrity: sha512-AEYxH93jGFPn/a2iVAwW87VuUIkR1FVUKB77NwMF7nBTDkDrrT/Hpt/IrCJ0QXhW27jTBDcf5ZY7w6RiqTMw2Q==}
    dev: false

  /typescript@5.2.2:
    resolution: {integrity: sha512-mI4WrpHsbCIcwT9cF4FZvr80QUeKvsUsUvKDoR+X/7XHQH98xYD8YHZg7ANtz2GtZt/CBq2QJ0thkGJMHfqc1w==}
    engines: {node: '>=14.17'}
    hasBin: true
    dev: true

  /undici-types@5.25.3:
    resolution: {integrity: sha512-Ga1jfYwRn7+cP9v8auvEXN1rX3sWqlayd4HP7OKk4mZWylEmu3KzXDUGrQUN6Ol7qo1gPvB2e5gX6udnyEPgdA==}
    dev: true

  /watchpack@2.4.0:
    resolution: {integrity: sha512-Lcvm7MGST/4fup+ifyKi2hjyIAwcdI4HRgtvTpIUxBRhB+RFtUh8XtDOxUfctVCnhVi+QQj49i91OyvzkJl6cg==}
    engines: {node: '>=10.13.0'}
    dependencies:
      glob-to-regexp: 0.4.1
      graceful-fs: 4.2.11
    dev: false

  /zod@3.22.4:
    resolution: {integrity: sha512-iC+8Io04lddc+mVqQ9AZ7OQ2MrUKGN+oIQyq1vemgt46jwCwLfhq7/pwnBnNXXXZb8VTVLKwp9EDkx+ryxIWmg==}
    dev: false

  '@pkg.csb.dev/react-hook-form/react-hook-form/commit/2c4b3693/react-hook-form/_pkg.tgz(react@18.2.0)':
    resolution: {tarball: https://pkg.csb.dev/react-hook-form/react-hook-form/commit/2c4b3693/react-hook-form/_pkg.tgz}
    id: '@pkg.csb.dev/react-hook-form/react-hook-form/commit/2c4b3693/react-hook-form/_pkg.tgz'
    name: react-hook-form
    version: 7.48.2
    engines: {node: '>=18', pnpm: '8'}
    peerDependencies:
      react: ^16.8.0 || ^17 || ^18
    dependencies:
      react: 18.2.0
    dev: false

  '@pkg.csb.dev/react-hook-form/resolvers/commit/2d6d392c/@hookform/resolvers/_pkg.tgz(react-hook-form@7.48.2)':
    resolution: {tarball: https://pkg.csb.dev/react-hook-form/resolvers/commit/2d6d392c/@hookform/resolvers/_pkg.tgz}
    id: '@pkg.csb.dev/react-hook-form/resolvers/commit/2d6d392c/@hookform/resolvers/_pkg.tgz'
    name: '@hookform/resolvers'
    version: 2.9.1
    peerDependencies:
      react-hook-form: ^7.0.0
    dependencies:
      react-hook-form: '@pkg.csb.dev/react-hook-form/react-hook-form/commit/2c4b3693/react-hook-form/_pkg.tgz(react@18.2.0)'
    dev: false
